{
  "name": "gairdener",
  "version": "1.0.0",
  "lockfileVersion": 3,
  "requires": true,
  "packages": {
    "": {
      "name": "gairdener",
      "version": "1.0.0",
      "workspaces": [
        "packages/*"
      ],
      "dependencies": {
        "dotenv": "^17.3.1"
      },
      "devDependencies": {
        "@sinclair/typebox": "^0.32.31",
        "@types/node": "^25.5.0",
        "commander": "^12.1.0",
        "typescript": "^5.4.5",
        "zod": "^3.23.8"
      }
    },
    "node_modules/@sinclair/typebox": {
      "version": "0.32.35",
      "resolved": "https://registry.npmjs.org/@sinclair/typebox/-/typebox-0.32.35.tgz",
      "integrity": "sha512-Ul3YyOTU++to8cgNkttakC0dWvpERr6RYoHO2W47DLbFvrwBDJUY31B1sImH6JZSYc4Kt4PyHtoPNu+vL2r2dA==",
      "license": "MIT"
    },
    "node_modules/@types/node": {
      "version": "25.5.0",
      "resolved": "https://registry.npmjs.org/@types/node/-/node-25.5.0.tgz",
      "integrity": "sha512-jp2P3tQMSxWugkCUKLRPVUpGaL5MVFwF8RDuSRztfwgN1wmqJeMSbKlnEtQqU8UrhTmzEmZdu2I6v2dpp7XIxw==",
      "dev": true,
      "license": "MIT",
      "dependencies": {
        "undici-types": "~7.18.0"
      }
    },
    "node_modules/commander": {
      "version": "12.1.0",
      "resolved": "https://registry.npmjs.org/commander/-/commander-12.1.0.tgz",
      "integrity": "sha512-Vw8qHK3bZM9y/P10u3Vib8o/DdkvA2OtPtZvD871QKjy74Wj1WSKFILMPRPSdUSx5RFK1arlJzEtA4PkFgnbuA==",
      "license": "MIT",
      "engines": {
        "node": ">=18"
      }
    },
    "node_modules/dotenv": {
      "version": "17.3.1",
      "resolved": "https://registry.npmjs.org/dotenv/-/dotenv-17.3.1.tgz",
      "integrity": "sha512-IO8C/dzEb6O3F9/twg6ZLXz164a2fhTnEWb95H23Dm4OuN+92NmEAlTrupP9VW6Jm3sO26tQlqyvyi4CsnY9GA==",
      "license": "BSD-2-Clause",
      "engines": {
        "node": ">=12"
      },
      "funding": {
        "url": "https://dotenvx.com"
      }
    },
    "node_modules/gairdener-agent": {
      "resolved": "packages/agent",
      "link": true
    },
    "node_modules/gairdener-ai": {
      "resolved": "packages/ai",
      "link": true
    },
    "node_modules/gairdener-cli": {
      "resolved": "packages/cli",
      "link": true
    },
    "node_modules/openai": {
      "version": "6.32.0",
      "resolved": "https://registry.npmjs.org/openai/-/openai-6.32.0.tgz",
      "integrity": "sha512-j3k+BjydAf8yQlcOI7WUQMQTbbF5GEIMAE2iZYCOzwwB3S2pCheaWYp+XZRNAch4jWVc52PMDGRRjutao3lLCg==",
      "license": "Apache-2.0",
      "bin": {
        "openai": "bin/cli"
      },
      "peerDependencies": {
        "ws": "^8.18.0",
        "zod": "^3.25 || ^4.0"
      },
      "peerDependenciesMeta": {
        "ws": {
          "optional": true
        },
        "zod": {
          "optional": true
        }
      }
    },
    "node_modules/typescript": {
      "version": "5.9.3",
      "resolved": "https://registry.npmjs.org/typescript/-/typescript-5.9.3.tgz",
      "integrity": "sha512-jl1vZzPDinLr9eUt3J/t7V6FgNEw9QjvBPdysz9KfQDD41fQrC2Y4vKQdiaUpFT4bXlb1RHhLpp8wtm6M5TgSw==",
      "dev": true,
      "license": "Apache-2.0",
      "bin": {
        "tsc": "bin/tsc",
        "tsserver": "bin/tsserver"
      },
      "engines": {
        "node": ">=14.17"
      }
    },
    "node_modules/undici-types": {
      "version": "7.18.2",
      "resolved": "https://registry.npmjs.org/undici-types/-/undici-types-7.18.2.tgz",
      "integrity": "sha512-AsuCzffGHJybSaRrmr5eHr81mwJU3kjw6M+uprWvCXiNeN9SOGwQ3Jn8jb8m3Z6izVgknn1R0FTCEAP2QrLY/w==",
      "dev": true,
      "license": "MIT"
    },
    "node_modules/zod": {
      "version": "3.25.76",
      "resolved": "https://registry.npmjs.org/zod/-/zod-3.25.76.tgz",
      "integrity": "sha512-gzUt/qt81nXsFGKIFcC3YnfEAx5NkunCfnDlvuBSSFS02bcXu4Lmea0AFIUwbLWxWPx3d9p8S5QoaujKcNQxcQ==",
      "license": "MIT",
      "funding": {
        "url": "https://github.com/sponsors/colinhacks"
      }
    },
    "packages/agent": {
      "name": "gairdener-agent",
      "version": "1.0.0",
      "dependencies": {
        "@sinclair/typebox": "^0.32.31",
        "gairdener-ai": "*"
      },
      "devDependencies": {
        "typescript": "^5.4.5"
      }
    },
    "packages/ai": {
      "name": "gairdener-ai",
      "version": "1.0.0",
      "dependencies": {
        "openai": "^6.32.0",
        "zod": "^3.23.8"
      },
      "devDependencies": {
        "typescript": "^5.4.5"
      }
    },
    "packages/cli": {
      "name": "gairdener-cli",
      "version": "1.0.0",
      "dependencies": {
        "commander": "^12.1.0",
        "gairdener-agent": "*",
        "gairdener-ai": "*"
      },
      "devDependencies": {
        "typescript": "^5.4.5"
      }
    }
  }
}
